
Microsoft Visual Studio Solution File, Format Version 12.00
# Visual Studio 14
VisualStudioVersion = 14.0.25123.0
MinimumVisualStudioVersion = 10.0.40219.1
Project("{FAE04EC0-301F-11D3-BF4B-00C04F79EFBC}") = "Village.Fact", "Vilage.Fact\Village.Fact.csproj", "{ABEB229F-58E5-42B2-B0D6-A49E7C6E425C}"
EndProject
Project("{FAE04EC0-301F-11D3-BF4B-00C04F79EFBC}") = "Village.Model", "Village.Model\Village.Model.csproj", "{FD3B7D52-19D9-4913-A748-9F52D1C76516}"
EndProject
Project("{FAE04EC0-301F-11D3-BF4B-00C04F79EFBC}") = "Village.Service", "Village.Service\Village.Service.csproj", "{C1BF1633-329A-4E9C-B098-21249B9CFF6E}"
EndProject
Project("{FAE04EC0-301F-11D3-BF4B-00C04F79EFBC}") = "Village.Web", "Village.Web\Village.Web.csproj", "{C4162E4C-6B57-4048-AAD0-EF63B94AB26F}"
EndProject
Project("{2150E333-8FDC-42A3-9474-1A3956D46DE8}") = "Solution Items", "Solution Items", "{2FEEC4E0-8708-493C-A3E1-9DD453EFC348}"
	ProjectSection(SolutionItems) = preProject
		test.bat = test.bat
	EndProjectSection
EndProject
Project("{FAE04EC0-301F-11D3-BF4B-00C04F79EFBC}") = "Village.DataAccess", "Village.DataAccess\Village.DataAccess.csproj", "{F4E2EF0D-D419-4F72-A106-67E8D6F9AF64}"
EndProject
Global
	GlobalSection(SolutionConfigurationPlatforms) = preSolution
		Debug|Any CPU = Debug|Any CPU
		Release|Any CPU = Release|Any CPU
	EndGlobalSection
	GlobalSection(ProjectConfigurationPlatforms) = postSolution
		{ABEB229F-58E5-42B2-B0D6-A49E7C6E425C}.Debug|Any CPU.ActiveCfg = Debug|Any CPU
		{ABEB229F-58E5-42B2-B0D6-A49E7C6E425C}.Debug|Any CPU.Build.0 = Debug|Any CPU
		{ABEB229F-58E5-42B2-B0D6-A49E7C6E425C}.Release|Any CPU.ActiveCfg = Release|Any CPU
		{ABEB229F-58E5-42B2-B0D6-A49E7C6E425C}.Release|Any CPU.Build.0 = Release|Any CPU
		{FD3B7D52-19D9-4913-A748-9F52D1C76516}.Debug|Any CPU.ActiveCfg = Debug|Any CPU
		{FD3B7D52-19D9-4913-A748-9F52D1C76516}.Debug|Any CPU.Build.0 = Debug|Any CPU
		{FD3B7D52-19D9-4913-A748-9F52D1C76516}.Release|Any CPU.ActiveCfg = Release|Any CPU
		{FD3B7D52-19D9-4913-A748-9F52D1C76516}.Release|Any CPU.Build.0 = Release|Any CPU
		{C1BF1633-329A-4E9C-B098-21249B9CFF6E}.Debug|Any CPU.ActiveCfg = Debug|Any CPU
		{C1BF1633-329A-4E9C-B098-21249B9CFF6E}.Debug|Any CPU.Build.0 = Debug|Any CPU
		{C1BF1633-329A-4E9C-B098-21249B9CFF6E}.Release|Any CPU.ActiveCfg = Release|Any CPU
		{C1BF1633-329A-4E9C-B098-21249B9CFF6E}.Release|Any CPU.Build.0 = Release|Any CPU
		{C4162E4C-6B57-4048-AAD0-EF63B94AB26F}.Debug|Any CPU.ActiveCfg = Debug|Any CPU
		{C4162E4C-6B57-4048-AAD0-EF63B94AB26F}.Debug|Any CPU.Build.0 = Debug|Any CPU
		{C4162E4C-6B57-4048-AAD0-EF63B94AB26F}.Release|Any CPU.ActiveCfg = Release|Any CPU
		{C4162E4C-6B57-4048-AAD0-EF63B94AB26F}.Release|Any CPU.Build.0 = Release|Any CPU
		{F4E2EF0D-D419-4F72-A106-67E8D6F9AF64}.Debug|Any CPU.ActiveCfg = Debug|Any CPU
		{F4E2EF0D-D419-4F72-A106-67E8D6F9AF64}.Debug|Any CPU.Build.0 = Debug|Any CPU
		{F4E2EF0D-D419-4F72-A106-67E8D6F9AF64}.Release|Any CPU.ActiveCfg = Release|Any CPU
		{F4E2EF0D-D419-4F72-A106-67E8D6F9AF64}.Release|Any CPU.Build.0 = Release|Any CPU
	EndGlobalSection
	GlobalSection(SolutionProperties) = preSolution
		HideSolutionNode = FALSE
	EndGlobalSection
EndGlobal
